
Microsoft Visual Studio Solution File, Format Version 12.00
# Visual Studio Version 17
VisualStudioVersion = 17.0.32112.339
MinimumVisualStudioVersion = 10.0.40219.1
Project("{FAE04EC0-301F-11D3-BF4B-00C04F79EFBC}") = "Dict_CheckValues", "FinalExam\Dict_CheckValues.csproj", "{5FD0E3D5-AF59-4A5F-B4CD-F914BCD5B2E8}"
EndProject
Project("{FAE04EC0-301F-11D3-BF4B-00C04F79EFBC}") = "Dict_task2", "ConsoleApp1\Dict_task2.csproj", "{076E9B62-3404-4781-8C29-AC2EE566D731}"
EndProject
Project("{FAE04EC0-301F-11D3-BF4B-00C04F79EFBC}") = "StringTask", "StringTask\StringTask.csproj", "{11E476CC-0C6B-455C-9F81-33FD3481FDB2}"
EndProject
Project("{FAE04EC0-301F-11D3-BF4B-00C04F79EFBC}") = "Regex 01", "Regex 01\Regex 01.csproj", "{B1031DF9-43A3-47E2-95BD-922993BD779C}"
EndProject
Project("{FAE04EC0-301F-11D3-BF4B-00C04F79EFBC}") = "1 Final Secret Chat", "1 Final Secret Chat\1 Final Secret Chat.csproj", "{4F0F2939-D39D-4C16-A11C-7821FA9DA083}"
EndProject
Project("{FAE04EC0-301F-11D3-BF4B-00C04F79EFBC}") = "2 Final Fancy Barcode", "2 Final Fancy Barcode\2 Final Fancy Barcode.csproj", "{696D5EA6-AD49-4715-907D-A98B0A795ABE}"
EndProject
Project("{FAE04EC0-301F-11D3-BF4B-00C04F79EFBC}") = "3 Final Pirates (dictionary)", "3 Final Pirates (dictionary)\3 Final Pirates (dictionary).csproj", "{1123FE95-F4F0-44D6-8E92-ABF8CF56B4BB}"
EndProject
Project("{FAE04EC0-301F-11D3-BF4B-00C04F79EFBC}") = "1 1 Final", "1 1 Final\1 1 Final.csproj", "{5C3FA37E-0CD2-40E9-8226-CEBB2F4520C9}"
EndProject
Project("{FAE04EC0-301F-11D3-BF4B-00C04F79EFBC}") = "Final EXAM task 1", "Final EXAM task 1\Final EXAM task 1.csproj", "{83F4198F-988A-4DED-B184-A4C1D87A1046}"
EndProject
Project("{FAE04EC0-301F-11D3-BF4B-00C04F79EFBC}") = "Final Exam Tassk 3", "Final Exam Tassk 3\Final Exam Tassk 3.csproj", "{28DD5730-466C-4A97-9C9F-B6497F0BEA2C}"
EndProject
Project("{FAE04EC0-301F-11D3-BF4B-00C04F79EFBC}") = "Final Exam 2", "Final Exam 2\Final Exam 2.csproj", "{9D942F0D-052F-4579-8767-93D17B812682}"
EndProject
Project("{FAE04EC0-301F-11D3-BF4B-00C04F79EFBC}") = "ConsoleApp2", "ConsoleApp2\ConsoleApp2.csproj", "{AFD5D389-1B64-4853-BEF4-95BC8DCF893A}"
EndProject
Global
	GlobalSection(SolutionConfigurationPlatforms) = preSolution
		Debug|Any CPU = Debug|Any CPU
		Release|Any CPU = Release|Any CPU
	EndGlobalSection
	GlobalSection(ProjectConfigurationPlatforms) = postSolution
		{5FD0E3D5-AF59-4A5F-B4CD-F914BCD5B2E8}.Debug|Any CPU.ActiveCfg = Debug|Any CPU
		{5FD0E3D5-AF59-4A5F-B4CD-F914BCD5B2E8}.Debug|Any CPU.Build.0 = Debug|Any CPU
		{5FD0E3D5-AF59-4A5F-B4CD-F914BCD5B2E8}.Release|Any CPU.ActiveCfg = Release|Any CPU
		{5FD0E3D5-AF59-4A5F-B4CD-F914BCD5B2E8}.Release|Any CPU.Build.0 = Release|Any CPU
		{076E9B62-3404-4781-8C29-AC2EE566D731}.Debug|Any CPU.ActiveCfg = Debug|Any CPU
		{076E9B62-3404-4781-8C29-AC2EE566D731}.Debug|Any CPU.Build.0 = Debug|Any CPU
		{076E9B62-3404-4781-8C29-AC2EE566D731}.Release|Any CPU.ActiveCfg = Release|Any CPU
		{076E9B62-3404-4781-8C29-AC2EE566D731}.Release|Any CPU.Build.0 = Release|Any CPU
		{11E476CC-0C6B-455C-9F81-33FD3481FDB2}.Debug|Any CPU.ActiveCfg = Debug|Any CPU
		{11E476CC-0C6B-455C-9F81-33FD3481FDB2}.Debug|Any CPU.Build.0 = Debug|Any CPU
		{11E476CC-0C6B-455C-9F81-33FD3481FDB2}.Release|Any CPU.ActiveCfg = Release|Any CPU
		{11E476CC-0C6B-455C-9F81-33FD3481FDB2}.Release|Any CPU.Build.0 = Release|Any CPU
		{B1031DF9-43A3-47E2-95BD-922993BD779C}.Debug|Any CPU.ActiveCfg = Debug|Any CPU
		{B1031DF9-43A3-47E2-95BD-922993BD779C}.Debug|Any CPU.Build.0 = Debug|Any CPU
		{B1031DF9-43A3-47E2-95BD-922993BD779C}.Release|Any CPU.ActiveCfg = Release|Any CPU
		{B1031DF9-43A3-47E2-95BD-922993BD779C}.Release|Any CPU.Build.0 = Release|Any CPU
		{4F0F2939-D39D-4C16-A11C-7821FA9DA083}.Debug|Any CPU.ActiveCfg = Debug|Any CPU
		{4F0F2939-D39D-4C16-A11C-7821FA9DA083}.Debug|Any CPU.Build.0 = Debug|Any CPU
		{4F0F2939-D39D-4C16-A11C-7821FA9DA083}.Release|Any CPU.ActiveCfg = Release|Any CPU
		{4F0F2939-D39D-4C16-A11C-7821FA9DA083}.Release|Any CPU.Build.0 = Release|Any CPU
		{696D5EA6-AD49-4715-907D-A98B0A795ABE}.Debug|Any CPU.ActiveCfg = Debug|Any CPU
		{696D5EA6-AD49-4715-907D-A98B0A795ABE}.Debug|Any CPU.Build.0 = Debug|Any CPU
		{696D5EA6-AD49-4715-907D-A98B0A795ABE}.Release|Any CPU.ActiveCfg = Release|Any CPU
		{696D5EA6-AD49-4715-907D-A98B0A795ABE}.Release|Any CPU.Build.0 = Release|Any CPU
		{1123FE95-F4F0-44D6-8E92-ABF8CF56B4BB}.Debug|Any CPU.ActiveCfg = Debug|Any CPU
		{1123FE95-F4F0-44D6-8E92-ABF8CF56B4BB}.Debug|Any CPU.Build.0 = Debug|Any CPU
		{1123FE95-F4F0-44D6-8E92-ABF8CF56B4BB}.Release|Any CPU.ActiveCfg = Release|Any CPU
		{1123FE95-F4F0-44D6-8E92-ABF8CF56B4BB}.Release|Any CPU.Build.0 = Release|Any CPU
		{5C3FA37E-0CD2-40E9-8226-CEBB2F4520C9}.Debug|Any CPU.ActiveCfg = Debug|Any CPU
		{5C3FA37E-0CD2-40E9-8226-CEBB2F4520C9}.Debug|Any CPU.Build.0 = Debug|Any CPU
		{5C3FA37E-0CD2-40E9-8226-CEBB2F4520C9}.Release|Any CPU.ActiveCfg = Release|Any CPU
		{5C3FA37E-0CD2-40E9-8226-CEBB2F4520C9}.Release|Any CPU.Build.0 = Release|Any CPU
		{83F4198F-988A-4DED-B184-A4C1D87A1046}.Debug|Any CPU.ActiveCfg = Debug|Any CPU
		{83F4198F-988A-4DED-B184-A4C1D87A1046}.Debug|Any CPU.Build.0 = Debug|Any CPU
		{83F4198F-988A-4DED-B184-A4C1D87A1046}.Release|Any CPU.ActiveCfg = Release|Any CPU
		{83F4198F-988A-4DED-B184-A4C1D87A1046}.Release|Any CPU.Build.0 = Release|Any CPU
		{28DD5730-466C-4A97-9C9F-B6497F0BEA2C}.Debug|Any CPU.ActiveCfg = Debug|Any CPU
		{28DD5730-466C-4A97-9C9F-B6497F0BEA2C}.Debug|Any CPU.Build.0 = Debug|Any CPU
		{28DD5730-466C-4A97-9C9F-B6497F0BEA2C}.Release|Any CPU.ActiveCfg = Release|Any CPU
		{28DD5730-466C-4A97-9C9F-B6497F0BEA2C}.Release|Any CPU.Build.0 = Release|Any CPU
		{9D942F0D-052F-4579-8767-93D17B812682}.Debug|Any CPU.ActiveCfg = Debug|Any CPU
		{9D942F0D-052F-4579-8767-93D17B812682}.Debug|Any CPU.Build.0 = Debug|Any CPU
		{9D942F0D-052F-4579-8767-93D17B812682}.Release|Any CPU.ActiveCfg = Release|Any CPU
		{9D942F0D-052F-4579-8767-93D17B812682}.Release|Any CPU.Build.0 = Release|Any CPU
		{AFD5D389-1B64-4853-BEF4-95BC8DCF893A}.Debug|Any CPU.ActiveCfg = Debug|Any CPU
		{AFD5D389-1B64-4853-BEF4-95BC8DCF893A}.Debug|Any CPU.Build.0 = Debug|Any CPU
		{AFD5D389-1B64-4853-BEF4-95BC8DCF893A}.Release|Any CPU.ActiveCfg = Release|Any CPU
		{AFD5D389-1B64-4853-BEF4-95BC8DCF893A}.Release|Any CPU.Build.0 = Release|Any CPU
	EndGlobalSection
	GlobalSection(SolutionProperties) = preSolution
		HideSolutionNode = FALSE
	EndGlobalSection
	GlobalSection(ExtensibilityGlobals) = postSolution
		SolutionGuid = {0169835C-B161-4E28-B081-C8CF2D216DBC}
	EndGlobalSection
EndGlobal
